
Microsoft Visual Studio Solution File, Format Version 12.00
# Visual Studio Version 17
VisualStudioVersion = 17.4.33205.214
MinimumVisualStudioVersion = 10.0.40219.1
Project("{9A19103F-16F7-4668-BE54-9A1E7A4F7556}") = "Lithnet.CredentialProvider", "Lithnet.CredentialProvider\Lithnet.CredentialProvider.csproj", "{9C07477C-ABB8-4DE5-B69C-3F8719D952C6}"
EndProject
Project("{2150E333-8FDC-42A3-9474-1A3956D46DE8}") = "Solution Items", "Solution Items", "{9E97082E-4E8D-4E8B-A320-40E2A1494C74}"
	ProjectSection(SolutionItems) = preProject
		.editorconfig = .editorconfig
	EndProjectSection
EndProject
Project("{9A19103F-16F7-4668-BE54-9A1E7A4F7556}") = "Lithnet.CredentialProvider.Sample.net6.0.x64", "samples\Lithnet.CredentialProvider.Sample.net6.0.x64\Lithnet.CredentialProvider.Sample.net6.0.x64.csproj", "{163E16D0-9FF3-40D3-AE96-3F221C922AA3}"
EndProject
Project("{9A19103F-16F7-4668-BE54-9A1E7A4F7556}") = "Lithnet.CredentialProvider.Sample.net6.0.x86", "samples\Lithnet.CredentialProvider.Sample.net6.0.x86\Lithnet.CredentialProvider.Sample.net6.0.x86.csproj", "{7A8A10F9-7D79-4755-BBDD-77C80FDC58ED}"
EndProject
Project("{9A19103F-16F7-4668-BE54-9A1E7A4F7556}") = "Lithnet.CredentialProvider.Sample.net472.x64", "samples\Lithnet.CredentialProvider.Sample.net472.x64\Lithnet.CredentialProvider.Sample.net472.x64.csproj", "{F60AC10A-337C-46D9-A2DE-1ED48B4AB301}"
EndProject
Project("{9A19103F-16F7-4668-BE54-9A1E7A4F7556}") = "Lithnet.CredentialProvider.Sample.net472.x86", "samples\Lithnet.CredentialProvider.Sample.net472.x86\Lithnet.CredentialProvider.Sample.net472.x86.csproj", "{57F2780E-58F1-4A7B-BCB4-A218733273EA}"
EndProject
Project("{9A19103F-16F7-4668-BE54-9A1E7A4F7556}") = "Lithnet.CredentialProvider.TestApp.x64", "samples\Lithnet.CredentialProvider.TestApp.x64\Lithnet.CredentialProvider.TestApp.x64.csproj", "{5019CCEB-AD78-4688-8C11-89A85C4289CD}"
EndProject
Project("{9A19103F-16F7-4668-BE54-9A1E7A4F7556}") = "Lithnet.CredentialProvider.TestApp.x86", "samples\Lithnet.CredentialProvider.TestApp.x86\Lithnet.CredentialProvider.TestApp.x86.csproj", "{F39C84F2-60C2-45EB-BC87-0ED095D41C96}"
EndProject
Project("{FAE04EC0-301F-11D3-BF4B-00C04F79EFBC}") = "Lithnet.CredentialProvider.RegistrationTool", "Lithnet.CredentialProvider.RegistrationTool\Lithnet.CredentialProvider.RegistrationTool.csproj", "{6A9A22A9-A2BB-4329-A0A5-2539E464CE5F}"
EndProject
Global
	GlobalSection(SolutionConfigurationPlatforms) = preSolution
		Debug|Any CPU = Debug|Any CPU
		Release|Any CPU = Release|Any CPU
	EndGlobalSection
	GlobalSection(ProjectConfigurationPlatforms) = postSolution
		{9C07477C-ABB8-4DE5-B69C-3F8719D952C6}.Debug|Any CPU.ActiveCfg = Debug|Any CPU
		{9C07477C-ABB8-4DE5-B69C-3F8719D952C6}.Debug|Any CPU.Build.0 = Debug|Any CPU
		{9C07477C-ABB8-4DE5-B69C-3F8719D952C6}.Release|Any CPU.ActiveCfg = Release|Any CPU
		{9C07477C-ABB8-4DE5-B69C-3F8719D952C6}.Release|Any CPU.Build.0 = Release|Any CPU
		{163E16D0-9FF3-40D3-AE96-3F221C922AA3}.Debug|Any CPU.ActiveCfg = Debug|Any CPU
		{163E16D0-9FF3-40D3-AE96-3F221C922AA3}.Debug|Any CPU.Build.0 = Debug|Any CPU
		{163E16D0-9FF3-40D3-AE96-3F221C922AA3}.Release|Any CPU.ActiveCfg = Release|Any CPU
		{163E16D0-9FF3-40D3-AE96-3F221C922AA3}.Release|Any CPU.Build.0 = Release|Any CPU
		{7A8A10F9-7D79-4755-BBDD-77C80FDC58ED}.Debug|Any CPU.ActiveCfg = Debug|Any CPU
		{7A8A10F9-7D79-4755-BBDD-77C80FDC58ED}.Debug|Any CPU.Build.0 = Debug|Any CPU
		{7A8A10F9-7D79-4755-BBDD-77C80FDC58ED}.Release|Any CPU.ActiveCfg = Release|Any CPU
		{7A8A10F9-7D79-4755-BBDD-77C80FDC58ED}.Release|Any CPU.Build.0 = Release|Any CPU
		{F60AC10A-337C-46D9-A2DE-1ED48B4AB301}.Debug|Any CPU.ActiveCfg = Debug|Any CPU
		{F60AC10A-337C-46D9-A2DE-1ED48B4AB301}.Debug|Any CPU.Build.0 = Debug|Any CPU
		{F60AC10A-337C-46D9-A2DE-1ED48B4AB301}.Release|Any CPU.ActiveCfg = Release|Any CPU
		{F60AC10A-337C-46D9-A2DE-1ED48B4AB301}.Release|Any CPU.Build.0 = Release|Any CPU
		{57F2780E-58F1-4A7B-BCB4-A218733273EA}.Debug|Any CPU.ActiveCfg = Debug|Any CPU
		{57F2780E-58F1-4A7B-BCB4-A218733273EA}.Debug|Any CPU.Build.0 = Debug|Any CPU
		{57F2780E-58F1-4A7B-BCB4-A218733273EA}.Release|Any CPU.ActiveCfg = Release|Any CPU
		{57F2780E-58F1-4A7B-BCB4-A218733273EA}.Release|Any CPU.Build.0 = Release|Any CPU
		{5019CCEB-AD78-4688-8C11-89A85C4289CD}.Debug|Any CPU.ActiveCfg = Debug|Any CPU
		{5019CCEB-AD78-4688-8C11-89A85C4289CD}.Debug|Any CPU.Build.0 = Debug|Any CPU
		{5019CCEB-AD78-4688-8C11-89A85C4289CD}.Release|Any CPU.ActiveCfg = Release|Any CPU
		{5019CCEB-AD78-4688-8C11-89A85C4289CD}.Release|Any CPU.Build.0 = Release|Any CPU
		{F39C84F2-60C2-45EB-BC87-0ED095D41C96}.Debug|Any CPU.ActiveCfg = Debug|Any CPU
		{F39C84F2-60C2-45EB-BC87-0ED095D41C96}.Debug|Any CPU.Build.0 = Debug|Any CPU
		{F39C84F2-60C2-45EB-BC87-0ED095D41C96}.Release|Any CPU.ActiveCfg = Release|Any CPU
		{F39C84F2-60C2-45EB-BC87-0ED095D41C96}.Release|Any CPU.Build.0 = Release|Any CPU
		{6A9A22A9-A2BB-4329-A0A5-2539E464CE5F}.Debug|Any CPU.ActiveCfg = Debug|Any CPU
		{6A9A22A9-A2BB-4329-A0A5-2539E464CE5F}.Debug|Any CPU.Build.0 = Debug|Any CPU
		{6A9A22A9-A2BB-4329-A0A5-2539E464CE5F}.Release|Any CPU.ActiveCfg = Release|Any CPU
		{6A9A22A9-A2BB-4329-A0A5-2539E464CE5F}.Release|Any CPU.Build.0 = Release|Any CPU
	EndGlobalSection
	GlobalSection(SolutionProperties) = preSolution
		HideSolutionNode = FALSE
	EndGlobalSection
	GlobalSection(ExtensibilityGlobals) = postSolution
		SolutionGuid = {0563C71A-762F-4784-887B-D51D14C92903}
	EndGlobalSection
EndGlobal
